
Microsoft Visual Studio Solution File, Format Version 12.00
# Visual Studio Version 17
VisualStudioVersion = 17.14.36705.20 d17.14
MinimumVisualStudioVersion = 10.0.40219.1
Project("{FAE04EC0-301F-11D3-BF4B-00C04F79EFBC}") = "FinalProjectSystem", "FinalProjectSystem\FinalProjectSystem.csproj", "{CC3B6C7F-4575-43C6-870D-9BA4F14DB98C}"
EndProject
Global
	GlobalSection(SolutionConfigurationPlatforms) = preSolution
		Debug|Any CPU = Debug|Any CPU
		Release|Any CPU = Release|Any CPU
	EndGlobalSection
	GlobalSection(ProjectConfigurationPlatforms) = postSolution
		{CC3B6C7F-4575-43C6-870D-9BA4F14DB98C}.Debug|Any CPU.ActiveCfg = Debug|Any CPU
		{CC3B6C7F-4575-43C6-870D-9BA4F14DB98C}.Debug|Any CPU.Build.0 = Debug|Any CPU
		{CC3B6C7F-4575-43C6-870D-9BA4F14DB98C}.Release|Any CPU.ActiveCfg = Release|Any CPU
		{CC3B6C7F-4575-43C6-870D-9BA4F14DB98C}.Release|Any CPU.Build.0 = Release|Any CPU
	EndGlobalSection
	GlobalSection(SolutionProperties) = preSolution
		HideSolutionNode = FALSE
	EndGlobalSection
	GlobalSection(ExtensibilityGlobals) = postSolution
		SolutionGuid = {F7F00478-86E2-418C-8E39-4026312AB23F}
	EndGlobalSection
EndGlobal
